Microsoft Visual Studio Solution File, Format Version 8.00
Project("{8BC9CEB8-8B4A-11D0-8D11-00A0C91BC942}") = "svrDispatcher", "svrDispatcher.vcproj", "{7CAF9D23-A886-450D-A7E7-3CF1B5B400AF}"
	ProjectSection(ProjectDependencies) = postProject
	EndProjectSection
EndProject
Global
	GlobalSection(SolutionConfiguration) = preSolution
		Debug = Debug
		Release = Release
	EndGlobalSection
	GlobalSection(ProjectConfiguration) = postSolution
		{7CAF9D23-A886-450D-A7E7-3CF1B5B400AF}.Debug.ActiveCfg = Debug|Win32
		{7CAF9D23-A886-450D-A7E7-3CF1B5B400AF}.Debug.Build.0 = Debug|Win32
		{7CAF9D23-A886-450D-A7E7-3CF1B5B400AF}.Release.ActiveCfg = Release|Win32
		{7CAF9D23-A886-450D-A7E7-3CF1B5B400AF}.Release.Build.0 = Release|Win32
	EndGlobalSection
	GlobalSection(ExtensibilityGlobals) = postSolution
	EndGlobalSection
	GlobalSection(ExtensibilityAddIns) = postSolution
	EndGlobalSection
EndGlobal
